
Microsoft Visual Studio Solution File, Format Version 12.00
# Visual Studio Version 17
VisualStudioVersion = 17.2.32526.322
MinimumVisualStudioVersion = 10.0.40219.1
Project("{9A19103F-16F7-4668-BE54-9A1E7A4F7556}") = "TTP", "EA\TTP.csproj", "{3481C93F-6F87-4FED-8E5D-3B52E0531E4A}"
EndProject
Project("{9A19103F-16F7-4668-BE54-9A1E7A4F7556}") = "EA.Core", "EA.Core\EA.Core.csproj", "{6C0253AB-A79A-4DF4-A5A4-86CFDC92E9E3}"
EndProject
Project("{2150E333-8FDC-42A3-9474-1A3956D46DE8}") = "Solution Items", "Solution Items", "{1B9536E8-D1BC-477F-8638-ED3A7CB5B7CA}"
	ProjectSection(SolutionItems) = preProject
		.editorconfig = .editorconfig
	EndProjectSection
EndProject
Project("{9A19103F-16F7-4668-BE54-9A1E7A4F7556}") = "TabuSearch.Core", "TabuSearch.Core\TabuSearch.Core.csproj", "{3D8991A5-3C78-430E-AB01-10D2C234E465}"
EndProject
Project("{FAE04EC0-301F-11D3-BF4B-00C04F79EFBC}") = "Loggers", "Loggers\Loggers.csproj", "{9BBA93E8-5BD7-4277-951D-78CD98DE1A8D}"
EndProject
Project("{FAE04EC0-301F-11D3-BF4B-00C04F79EFBC}") = "Meta.Core", "Meta.Core\Meta.Core.csproj", "{73EAC5CC-EB68-4438-A168-769C440B0F34}"
EndProject
Global
	GlobalSection(SolutionConfigurationPlatforms) = preSolution
		Debug|Any CPU = Debug|Any CPU
		Release|Any CPU = Release|Any CPU
	EndGlobalSection
	GlobalSection(ProjectConfigurationPlatforms) = postSolution
		{3481C93F-6F87-4FED-8E5D-3B52E0531E4A}.Debug|Any CPU.ActiveCfg = Debug|Any CPU
		{3481C93F-6F87-4FED-8E5D-3B52E0531E4A}.Debug|Any CPU.Build.0 = Debug|Any CPU
		{3481C93F-6F87-4FED-8E5D-3B52E0531E4A}.Release|Any CPU.ActiveCfg = Release|Any CPU
		{3481C93F-6F87-4FED-8E5D-3B52E0531E4A}.Release|Any CPU.Build.0 = Release|Any CPU
		{6C0253AB-A79A-4DF4-A5A4-86CFDC92E9E3}.Debug|Any CPU.ActiveCfg = Debug|Any CPU
		{6C0253AB-A79A-4DF4-A5A4-86CFDC92E9E3}.Debug|Any CPU.Build.0 = Debug|Any CPU
		{6C0253AB-A79A-4DF4-A5A4-86CFDC92E9E3}.Release|Any CPU.ActiveCfg = Release|Any CPU
		{6C0253AB-A79A-4DF4-A5A4-86CFDC92E9E3}.Release|Any CPU.Build.0 = Release|Any CPU
		{3D8991A5-3C78-430E-AB01-10D2C234E465}.Debug|Any CPU.ActiveCfg = Debug|Any CPU
		{3D8991A5-3C78-430E-AB01-10D2C234E465}.Debug|Any CPU.Build.0 = Debug|Any CPU
		{3D8991A5-3C78-430E-AB01-10D2C234E465}.Release|Any CPU.ActiveCfg = Release|Any CPU
		{3D8991A5-3C78-430E-AB01-10D2C234E465}.Release|Any CPU.Build.0 = Release|Any CPU
		{9BBA93E8-5BD7-4277-951D-78CD98DE1A8D}.Debug|Any CPU.ActiveCfg = Debug|Any CPU
		{9BBA93E8-5BD7-4277-951D-78CD98DE1A8D}.Debug|Any CPU.Build.0 = Debug|Any CPU
		{9BBA93E8-5BD7-4277-951D-78CD98DE1A8D}.Release|Any CPU.ActiveCfg = Release|Any CPU
		{9BBA93E8-5BD7-4277-951D-78CD98DE1A8D}.Release|Any CPU.Build.0 = Release|Any CPU
		{73EAC5CC-EB68-4438-A168-769C440B0F34}.Debug|Any CPU.ActiveCfg = Debug|Any CPU
		{73EAC5CC-EB68-4438-A168-769C440B0F34}.Debug|Any CPU.Build.0 = Debug|Any CPU
		{73EAC5CC-EB68-4438-A168-769C440B0F34}.Release|Any CPU.ActiveCfg = Release|Any CPU
		{73EAC5CC-EB68-4438-A168-769C440B0F34}.Release|Any CPU.Build.0 = Release|Any CPU
	EndGlobalSection
	GlobalSection(SolutionProperties) = preSolution
		HideSolutionNode = FALSE
	EndGlobalSection
	GlobalSection(ExtensibilityGlobals) = postSolution
		SolutionGuid = {37EEC68D-E4E9-42AB-9444-BB3F23911D3A}
	EndGlobalSection
EndGlobal
